
Microsoft Visual Studio Solution File, Format Version 12.00
Project("{FAE04EC0-301F-11D3-BF4B-00C04F79EFBC}") = "Samwise.Abstractions", "src\Samwise.Abstractions\Samwise.Abstractions.csproj", "{35B83780-BF96-4C09-8EB4-C58E649902D0}"
EndProject
Project("{2150E333-8FDC-42A3-9474-1A3956D46DE8}") = "src", "src", "{E151F3DD-95B3-4238-9773-E4F76103840F}"
EndProject
Project("{2150E333-8FDC-42A3-9474-1A3956D46DE8}") = "tests", "tests", "{4237E0E9-5945-4BD5-9BAB-2CF62CD7A220}"
EndProject
Project("{FAE04EC0-301F-11D3-BF4B-00C04F79EFBC}") = "Samwise.Parsers", "src\Samwise.Parsers\Samwise.Parsers.csproj", "{30B7DB9E-BCB4-4AB6-8741-4F161772A80B}"
EndProject
Project("{FAE04EC0-301F-11D3-BF4B-00C04F79EFBC}") = "Samwise.Base", "tests\Samwise.Base\Samwise.Base.csproj", "{671B2FFD-215C-4EFB-81C1-88A11CDB4855}"
EndProject
Project("{FAE04EC0-301F-11D3-BF4B-00C04F79EFBC}") = "Samwise.UnitTests", "tests\Samwise.UnitTests\Samwise.UnitTests.csproj", "{73E71013-BB2F-4D2B-B5BF-FA90FCF487B9}"
EndProject
Project("{FAE04EC0-301F-11D3-BF4B-00C04F79EFBC}") = "Samwise.Services", "src\Samwise.Services\Samwise.Services.csproj", "{2FE53F1E-DFDB-426D-8C16-069047EE3D67}"
EndProject
Project("{FAE04EC0-301F-11D3-BF4B-00C04F79EFBC}") = "Samwise.Repositories.MongoDB", "src\Samwise.Repositories.MongoDB\Samwise.Repositories.MongoDB.csproj", "{6B1ADC13-3032-41D6-9B96-FDF01495B438}"
EndProject
Project("{FAE04EC0-301F-11D3-BF4B-00C04F79EFBC}") = "Samwise.Orchestrator", "src\Samwise.Orchestrator\Samwise.Orchestrator.csproj", "{450590AC-7035-4A06-BC51-467B6D807044}"
EndProject
Project("{FAE04EC0-301F-11D3-BF4B-00C04F79EFBC}") = "Samwise.Runner", "src\Samwise.Runner\Samwise.Runner.csproj", "{2D547B58-0A70-47ED-B61E-D2E9BD8108D4}"
EndProject
Project("{FAE04EC0-301F-11D3-BF4B-00C04F79EFBC}") = "Samwise.Scheduling", "src\Samwise.Scheduling\Samwise.Scheduling.csproj", "{66BC3522-2063-48B6-BFD2-6C341B18E1F7}"
EndProject
Global
	GlobalSection(SolutionConfigurationPlatforms) = preSolution
		Debug|Any CPU = Debug|Any CPU
		Release|Any CPU = Release|Any CPU
	EndGlobalSection
	GlobalSection(ProjectConfigurationPlatforms) = postSolution
		{35B83780-BF96-4C09-8EB4-C58E649902D0}.Debug|Any CPU.ActiveCfg = Debug|Any CPU
		{35B83780-BF96-4C09-8EB4-C58E649902D0}.Debug|Any CPU.Build.0 = Debug|Any CPU
		{35B83780-BF96-4C09-8EB4-C58E649902D0}.Release|Any CPU.ActiveCfg = Release|Any CPU
		{35B83780-BF96-4C09-8EB4-C58E649902D0}.Release|Any CPU.Build.0 = Release|Any CPU
		{30B7DB9E-BCB4-4AB6-8741-4F161772A80B}.Debug|Any CPU.ActiveCfg = Debug|Any CPU
		{30B7DB9E-BCB4-4AB6-8741-4F161772A80B}.Debug|Any CPU.Build.0 = Debug|Any CPU
		{30B7DB9E-BCB4-4AB6-8741-4F161772A80B}.Release|Any CPU.ActiveCfg = Release|Any CPU
		{30B7DB9E-BCB4-4AB6-8741-4F161772A80B}.Release|Any CPU.Build.0 = Release|Any CPU
		{671B2FFD-215C-4EFB-81C1-88A11CDB4855}.Debug|Any CPU.ActiveCfg = Debug|Any CPU
		{671B2FFD-215C-4EFB-81C1-88A11CDB4855}.Debug|Any CPU.Build.0 = Debug|Any CPU
		{671B2FFD-215C-4EFB-81C1-88A11CDB4855}.Release|Any CPU.ActiveCfg = Release|Any CPU
		{671B2FFD-215C-4EFB-81C1-88A11CDB4855}.Release|Any CPU.Build.0 = Release|Any CPU
		{73E71013-BB2F-4D2B-B5BF-FA90FCF487B9}.Debug|Any CPU.ActiveCfg = Debug|Any CPU
		{73E71013-BB2F-4D2B-B5BF-FA90FCF487B9}.Debug|Any CPU.Build.0 = Debug|Any CPU
		{73E71013-BB2F-4D2B-B5BF-FA90FCF487B9}.Release|Any CPU.ActiveCfg = Release|Any CPU
		{73E71013-BB2F-4D2B-B5BF-FA90FCF487B9}.Release|Any CPU.Build.0 = Release|Any CPU
		{2FE53F1E-DFDB-426D-8C16-069047EE3D67}.Debug|Any CPU.ActiveCfg = Debug|Any CPU
		{2FE53F1E-DFDB-426D-8C16-069047EE3D67}.Debug|Any CPU.Build.0 = Debug|Any CPU
		{2FE53F1E-DFDB-426D-8C16-069047EE3D67}.Release|Any CPU.ActiveCfg = Release|Any CPU
		{2FE53F1E-DFDB-426D-8C16-069047EE3D67}.Release|Any CPU.Build.0 = Release|Any CPU
		{6B1ADC13-3032-41D6-9B96-FDF01495B438}.Debug|Any CPU.ActiveCfg = Debug|Any CPU
		{6B1ADC13-3032-41D6-9B96-FDF01495B438}.Debug|Any CPU.Build.0 = Debug|Any CPU
		{6B1ADC13-3032-41D6-9B96-FDF01495B438}.Release|Any CPU.ActiveCfg = Release|Any CPU
		{6B1ADC13-3032-41D6-9B96-FDF01495B438}.Release|Any CPU.Build.0 = Release|Any CPU
		{450590AC-7035-4A06-BC51-467B6D807044}.Debug|Any CPU.ActiveCfg = Debug|Any CPU
		{450590AC-7035-4A06-BC51-467B6D807044}.Debug|Any CPU.Build.0 = Debug|Any CPU
		{450590AC-7035-4A06-BC51-467B6D807044}.Release|Any CPU.ActiveCfg = Release|Any CPU
		{450590AC-7035-4A06-BC51-467B6D807044}.Release|Any CPU.Build.0 = Release|Any CPU
		{2D547B58-0A70-47ED-B61E-D2E9BD8108D4}.Debug|Any CPU.ActiveCfg = Debug|Any CPU
		{2D547B58-0A70-47ED-B61E-D2E9BD8108D4}.Debug|Any CPU.Build.0 = Debug|Any CPU
		{2D547B58-0A70-47ED-B61E-D2E9BD8108D4}.Release|Any CPU.ActiveCfg = Release|Any CPU
		{2D547B58-0A70-47ED-B61E-D2E9BD8108D4}.Release|Any CPU.Build.0 = Release|Any CPU
		{66BC3522-2063-48B6-BFD2-6C341B18E1F7}.Debug|Any CPU.ActiveCfg = Debug|Any CPU
		{66BC3522-2063-48B6-BFD2-6C341B18E1F7}.Debug|Any CPU.Build.0 = Debug|Any CPU
		{66BC3522-2063-48B6-BFD2-6C341B18E1F7}.Release|Any CPU.ActiveCfg = Release|Any CPU
		{66BC3522-2063-48B6-BFD2-6C341B18E1F7}.Release|Any CPU.Build.0 = Release|Any CPU
	EndGlobalSection
	GlobalSection(NestedProjects) = preSolution
		{35B83780-BF96-4C09-8EB4-C58E649902D0} = {E151F3DD-95B3-4238-9773-E4F76103840F}
		{30B7DB9E-BCB4-4AB6-8741-4F161772A80B} = {E151F3DD-95B3-4238-9773-E4F76103840F}
		{671B2FFD-215C-4EFB-81C1-88A11CDB4855} = {4237E0E9-5945-4BD5-9BAB-2CF62CD7A220}
		{73E71013-BB2F-4D2B-B5BF-FA90FCF487B9} = {4237E0E9-5945-4BD5-9BAB-2CF62CD7A220}
		{2FE53F1E-DFDB-426D-8C16-069047EE3D67} = {E151F3DD-95B3-4238-9773-E4F76103840F}
		{6B1ADC13-3032-41D6-9B96-FDF01495B438} = {E151F3DD-95B3-4238-9773-E4F76103840F}
		{450590AC-7035-4A06-BC51-467B6D807044} = {E151F3DD-95B3-4238-9773-E4F76103840F}
		{2D547B58-0A70-47ED-B61E-D2E9BD8108D4} = {E151F3DD-95B3-4238-9773-E4F76103840F}
		{66BC3522-2063-48B6-BFD2-6C341B18E1F7} = {E151F3DD-95B3-4238-9773-E4F76103840F}
	EndGlobalSection
EndGlobal
