
Microsoft Visual Studio Solution File, Format Version 12.00
Project("{FAE04EC0-301F-11D3-BF4B-00C04F79EFBC}") = "Samwise.Abstractions", "src\Samwise.Abstractions\Samwise.Abstractions.csproj", "{35B83780-BF96-4C09-8EB4-C58E649902D0}"
EndProject
Project("{2150E333-8FDC-42A3-9474-1A3956D46DE8}") = "src", "src", "{E151F3DD-95B3-4238-9773-E4F76103840F}"
EndProject
Project("{2150E333-8FDC-42A3-9474-1A3956D46DE8}") = "tests", "tests", "{4237E0E9-5945-4BD5-9BAB-2CF62CD7A220}"
EndProject
Project("{FAE04EC0-301F-11D3-BF4B-00C04F79EFBC}") = "Samwise.Orchestrator", "src\Samwise.Orchestrator\Samwise.Orchestrator.csproj", "{E5F96010-1368-4E95-A614-47F008E6A976}"
EndProject
Global
	GlobalSection(SolutionConfigurationPlatforms) = preSolution
		Debug|Any CPU = Debug|Any CPU
		Release|Any CPU = Release|Any CPU
	EndGlobalSection
	GlobalSection(ProjectConfigurationPlatforms) = postSolution
		{35B83780-BF96-4C09-8EB4-C58E649902D0}.Debug|Any CPU.ActiveCfg = Debug|Any CPU
		{35B83780-BF96-4C09-8EB4-C58E649902D0}.Debug|Any CPU.Build.0 = Debug|Any CPU
		{35B83780-BF96-4C09-8EB4-C58E649902D0}.Release|Any CPU.ActiveCfg = Release|Any CPU
		{35B83780-BF96-4C09-8EB4-C58E649902D0}.Release|Any CPU.Build.0 = Release|Any CPU
		{E5F96010-1368-4E95-A614-47F008E6A976}.Debug|Any CPU.ActiveCfg = Debug|Any CPU
		{E5F96010-1368-4E95-A614-47F008E6A976}.Debug|Any CPU.Build.0 = Debug|Any CPU
		{E5F96010-1368-4E95-A614-47F008E6A976}.Release|Any CPU.ActiveCfg = Release|Any CPU
		{E5F96010-1368-4E95-A614-47F008E6A976}.Release|Any CPU.Build.0 = Release|Any CPU
	EndGlobalSection
	GlobalSection(NestedProjects) = preSolution
		{35B83780-BF96-4C09-8EB4-C58E649902D0} = {E151F3DD-95B3-4238-9773-E4F76103840F}
		{E5F96010-1368-4E95-A614-47F008E6A976} = {E151F3DD-95B3-4238-9773-E4F76103840F}
	EndGlobalSection
EndGlobal
