
Microsoft Visual Studio Solution File, Format Version 12.00
# Visual Studio Version 16
VisualStudioVersion = 16.0.29215.179
MinimumVisualStudioVersion = 15.0.26124.0
Project("{9A19103F-16F7-4668-BE54-9A1E7A4F7556}") = "Sauron.Runner", "src\Sauron.Runner\Sauron.Runner.csproj", "{4097B355-A52E-4889-B7A2-9BA9EB29185E}"
EndProject
Project("{9A19103F-16F7-4668-BE54-9A1E7A4F7556}") = "Sauron.Orchestrator", "src\Sauron.Orchestrator\Sauron.Orchestrator.csproj", "{885444F6-5B28-4348-A607-EF0D4153130B}"
EndProject
Project("{9A19103F-16F7-4668-BE54-9A1E7A4F7556}") = "Sauron.Abstractions", "src\Sauron.Abstractions\Sauron.Abstractions.csproj", "{723C3515-664E-457B-A372-D9305605E74D}"
EndProject
Project("{9A19103F-16F7-4668-BE54-9A1E7A4F7556}") = "Sauron.Crawlers", "src\Sauron.Crawlers\Sauron.Crawlers.csproj", "{ADCEDE76-E23A-440E-BA51-A3EA72674D92}"
EndProject
Project("{9A19103F-16F7-4668-BE54-9A1E7A4F7556}") = "Sauron.Crawlers.UnitTests", "tests\Sauron.Crawlers.UnitTests\Sauron.Crawlers.UnitTests.csproj", "{3E8DFF24-1470-4AA7-B429-6B448987E5AF}"
EndProject
Project("{2150E333-8FDC-42A3-9474-1A3956D46DE8}") = "src", "src", "{83C82506-3519-426A-99C3-482CA76DADA9}"
EndProject
Project("{2150E333-8FDC-42A3-9474-1A3956D46DE8}") = "tests", "tests", "{6D0D1C51-E62F-49AC-9DD9-CB73D12159A3}"
EndProject
Project("{9A19103F-16F7-4668-BE54-9A1E7A4F7556}") = "Sauron.Repositories.MongoDB", "src\Sauron.Repositories.MongoDB\Sauron.Repositories.MongoDB.csproj", "{4BC64D3A-9FFD-4DF6-913C-55EFCEB802A4}"
EndProject
Project("{9A19103F-16F7-4668-BE54-9A1E7A4F7556}") = "Sauron.Crawlers.IntegrationTests", "tests\Sauron.Crawlers.IntegrationTests\Sauron.Crawlers.IntegrationTests.csproj", "{FAEAAC80-87F2-4B6B-A955-5B6E27AA0A29}"
EndProject
Project("{FAE04EC0-301F-11D3-BF4B-00C04F79EFBC}") = "Sauron.JobScheduler", "src\Sauron.JobScheduler\Sauron.JobScheduler.csproj", "{4912884E-1D74-46CD-852D-001F88A42DA2}"
EndProject
Global
	GlobalSection(SolutionConfigurationPlatforms) = preSolution
		Debug|Any CPU = Debug|Any CPU
		Release|Any CPU = Release|Any CPU
	EndGlobalSection
	GlobalSection(ProjectConfigurationPlatforms) = postSolution
		{4097B355-A52E-4889-B7A2-9BA9EB29185E}.Debug|Any CPU.ActiveCfg = Debug|Any CPU
		{4097B355-A52E-4889-B7A2-9BA9EB29185E}.Debug|Any CPU.Build.0 = Debug|Any CPU
		{4097B355-A52E-4889-B7A2-9BA9EB29185E}.Release|Any CPU.ActiveCfg = Release|Any CPU
		{4097B355-A52E-4889-B7A2-9BA9EB29185E}.Release|Any CPU.Build.0 = Release|Any CPU
		{885444F6-5B28-4348-A607-EF0D4153130B}.Debug|Any CPU.ActiveCfg = Debug|Any CPU
		{885444F6-5B28-4348-A607-EF0D4153130B}.Debug|Any CPU.Build.0 = Debug|Any CPU
		{885444F6-5B28-4348-A607-EF0D4153130B}.Release|Any CPU.ActiveCfg = Release|Any CPU
		{885444F6-5B28-4348-A607-EF0D4153130B}.Release|Any CPU.Build.0 = Release|Any CPU
		{723C3515-664E-457B-A372-D9305605E74D}.Debug|Any CPU.ActiveCfg = Debug|Any CPU
		{723C3515-664E-457B-A372-D9305605E74D}.Debug|Any CPU.Build.0 = Debug|Any CPU
		{723C3515-664E-457B-A372-D9305605E74D}.Release|Any CPU.ActiveCfg = Release|Any CPU
		{723C3515-664E-457B-A372-D9305605E74D}.Release|Any CPU.Build.0 = Release|Any CPU
		{ADCEDE76-E23A-440E-BA51-A3EA72674D92}.Debug|Any CPU.ActiveCfg = Debug|Any CPU
		{ADCEDE76-E23A-440E-BA51-A3EA72674D92}.Debug|Any CPU.Build.0 = Debug|Any CPU
		{ADCEDE76-E23A-440E-BA51-A3EA72674D92}.Release|Any CPU.ActiveCfg = Release|Any CPU
		{ADCEDE76-E23A-440E-BA51-A3EA72674D92}.Release|Any CPU.Build.0 = Release|Any CPU
		{3E8DFF24-1470-4AA7-B429-6B448987E5AF}.Debug|Any CPU.ActiveCfg = Debug|Any CPU
		{3E8DFF24-1470-4AA7-B429-6B448987E5AF}.Debug|Any CPU.Build.0 = Debug|Any CPU
		{3E8DFF24-1470-4AA7-B429-6B448987E5AF}.Release|Any CPU.ActiveCfg = Release|Any CPU
		{3E8DFF24-1470-4AA7-B429-6B448987E5AF}.Release|Any CPU.Build.0 = Release|Any CPU
		{4BC64D3A-9FFD-4DF6-913C-55EFCEB802A4}.Debug|Any CPU.ActiveCfg = Debug|Any CPU
		{4BC64D3A-9FFD-4DF6-913C-55EFCEB802A4}.Debug|Any CPU.Build.0 = Debug|Any CPU
		{4BC64D3A-9FFD-4DF6-913C-55EFCEB802A4}.Release|Any CPU.ActiveCfg = Release|Any CPU
		{4BC64D3A-9FFD-4DF6-913C-55EFCEB802A4}.Release|Any CPU.Build.0 = Release|Any CPU
		{FAEAAC80-87F2-4B6B-A955-5B6E27AA0A29}.Debug|Any CPU.ActiveCfg = Debug|Any CPU
		{FAEAAC80-87F2-4B6B-A955-5B6E27AA0A29}.Debug|Any CPU.Build.0 = Debug|Any CPU
		{FAEAAC80-87F2-4B6B-A955-5B6E27AA0A29}.Release|Any CPU.ActiveCfg = Release|Any CPU
		{FAEAAC80-87F2-4B6B-A955-5B6E27AA0A29}.Release|Any CPU.Build.0 = Release|Any CPU
		{4912884E-1D74-46CD-852D-001F88A42DA2}.Debug|Any CPU.ActiveCfg = Debug|Any CPU
		{4912884E-1D74-46CD-852D-001F88A42DA2}.Debug|Any CPU.Build.0 = Debug|Any CPU
		{4912884E-1D74-46CD-852D-001F88A42DA2}.Release|Any CPU.ActiveCfg = Release|Any CPU
		{4912884E-1D74-46CD-852D-001F88A42DA2}.Release|Any CPU.Build.0 = Release|Any CPU
	EndGlobalSection
	GlobalSection(SolutionProperties) = preSolution
		HideSolutionNode = FALSE
	EndGlobalSection
	GlobalSection(NestedProjects) = preSolution
		{4097B355-A52E-4889-B7A2-9BA9EB29185E} = {83C82506-3519-426A-99C3-482CA76DADA9}
		{885444F6-5B28-4348-A607-EF0D4153130B} = {83C82506-3519-426A-99C3-482CA76DADA9}
		{723C3515-664E-457B-A372-D9305605E74D} = {83C82506-3519-426A-99C3-482CA76DADA9}
		{ADCEDE76-E23A-440E-BA51-A3EA72674D92} = {83C82506-3519-426A-99C3-482CA76DADA9}
		{3E8DFF24-1470-4AA7-B429-6B448987E5AF} = {6D0D1C51-E62F-49AC-9DD9-CB73D12159A3}
		{4BC64D3A-9FFD-4DF6-913C-55EFCEB802A4} = {83C82506-3519-426A-99C3-482CA76DADA9}
		{FAEAAC80-87F2-4B6B-A955-5B6E27AA0A29} = {6D0D1C51-E62F-49AC-9DD9-CB73D12159A3}
		{4912884E-1D74-46CD-852D-001F88A42DA2} = {83C82506-3519-426A-99C3-482CA76DADA9}
	EndGlobalSection
	GlobalSection(ExtensibilityGlobals) = postSolution
		SolutionGuid = {CE90278C-4640-42F2-A0AF-33E930C359C0}
	EndGlobalSection
EndGlobal
